// !$*UTF8*$!
{
	archiveVersion = 1;
	classes = {
	};
	objectVersion = 50;
	objects = {

/* Begin PBXFileReference section */
		55D068B827D09062006B35A5 /* man */ = {isa = PBXFileReference; lastKnownFileType = folder; path = man; sourceTree = "<group>"; };
		55D068B927D09062006B35A5 /* announce.html.in */ = {isa = PBXFileReference; lastKnownFileType = text; path = announce.html.in; sourceTree = "<group>"; };
		55D068BA27D09062006B35A5 /* misc */ = {isa = PBXFileReference; lastKnownFileType = folder; path = misc; sourceTree = "<group>"; };
		55D068BB27D09062006B35A5 /* c++ */ = {isa = PBXFileReference; lastKnownFileType = folder; path = "c++"; sourceTree = "<group>"; };
		55D068BC27D09062006B35A5 /* README.emx */ = {isa = PBXFileReference; lastKnownFileType = text; path = README.emx; sourceTree = "<group>"; };
		55D068BD27D09062006B35A5 /* form */ = {isa = PBXFileReference; lastKnownFileType = folder; path = form; sourceTree = "<group>"; };
		55D068BE27D09062006B35A5 /* install-sh */ = {isa = PBXFileReference; lastKnownFileType = text.script.sh; path = "install-sh"; sourceTree = "<group>"; };
		55D068BF27D09062006B35A5 /* INSTALL */ = {isa = PBXFileReference; lastKnownFileType = text; path = INSTALL; sourceTree = "<group>"; };
		55D068C027D09062006B35A5 /* ANNOUNCE */ = {isa = PBXFileReference; lastKnownFileType = text; path = ANNOUNCE; sourceTree = "<group>"; };
		55D068C127D09062006B35A5 /* .DS_Store */ = {isa = PBXFileReference; lastKnownFileType = file; path = .DS_Store; sourceTree = "<group>"; };
		55D068C227D09062006B35A5 /* ncurses */ = {isa = PBXFileReference; lastKnownFileType = folder; path = ncurses; sourceTree = "<group>"; };
		55D068C327D09062006B35A5 /* panel */ = {isa = PBXFileReference; lastKnownFileType = folder; path = panel; sourceTree = "<group>"; };
		55D068C427D09062006B35A5 /* test */ = {isa = PBXFileReference; lastKnownFileType = folder; path = test; sourceTree = "<group>"; };
		55D068C527D09062006B35A5 /* configure */ = {isa = PBXFileReference; lastKnownFileType = text.script.sh; path = configure; sourceTree = "<group>"; };
		55D068C627D09062006B35A5 /* AUTHORS */ = {isa = PBXFileReference; lastKnownFileType = text; path = AUTHORS; sourceTree = "<group>"; };
		55D068C727D09062006B35A5 /* Makefile */ = {isa = PBXFileReference; lastKnownFileType = sourcecode.make; path = Makefile; sourceTree = "<group>"; };
		55D068C827D09062006B35A5 /* include */ = {isa = PBXFileReference; lastKnownFileType = folder; path = include; sourceTree = "<group>"; };
		55D068C927D09062006B35A5 /* obj_g */ = {isa = PBXFileReference; lastKnownFileType = folder; path = obj_g; sourceTree = "<group>"; };
		55D068CA27D09062006B35A5 /* MANIFEST */ = {isa = PBXFileReference; lastKnownFileType = text; path = MANIFEST; sourceTree = "<group>"; };
		55D068CB27D09062006B35A5 /* dist.mk */ = {isa = PBXFileReference; lastKnownFileType = text; path = dist.mk; sourceTree = "<group>"; };
		55D068CC27D09062006B35A5 /* headers.sh */ = {isa = PBXFileReference; lastKnownFileType = text.script.sh; path = headers.sh; sourceTree = "<group>"; };
		55D068CD27D09062006B35A5 /* mk-0th.awk */ = {isa = PBXFileReference; lastKnownFileType = text; path = "mk-0th.awk"; sourceTree = "<group>"; };
		55D068CE27D09062006B35A5 /* mk-2nd.awk */ = {isa = PBXFileReference; lastKnownFileType = text; path = "mk-2nd.awk"; sourceTree = "<group>"; };
		55D068CF27D09062006B35A5 /* objects */ = {isa = PBXFileReference; lastKnownFileType = folder; path = objects; sourceTree = "<group>"; };
		55D068D027D09062006B35A5 /* config.guess */ = {isa = PBXFileReference; lastKnownFileType = text.script.sh; path = config.guess; sourceTree = "<group>"; };
		55D068D127D09062006B35A5 /* mk-hdr.awk */ = {isa = PBXFileReference; lastKnownFileType = text; path = "mk-hdr.awk"; sourceTree = "<group>"; };
		55D068D227D09062006B35A5 /* README */ = {isa = PBXFileReference; lastKnownFileType = text; path = README; sourceTree = "<group>"; };
		55D068D327D09062006B35A5 /* configure.in */ = {isa = PBXFileReference; lastKnownFileType = text; path = configure.in; sourceTree = "<group>"; };
		55D068D427D09062006B35A5 /* Makefile.os2 */ = {isa = PBXFileReference; lastKnownFileType = text; path = Makefile.os2; sourceTree = "<group>"; };
		55D068D527D09062006B35A5 /* config.status */ = {isa = PBXFileReference; lastKnownFileType = text.script.sh; path = config.status; sourceTree = "<group>"; };
		55D068D627D09062006B35A5 /* config.sub */ = {isa = PBXFileReference; lastKnownFileType = text.script.sh; path = config.sub; sourceTree = "<group>"; };
		55D068D727D09062006B35A5 /* edit_man.sh */ = {isa = PBXFileReference; lastKnownFileType = text.script.sh; path = edit_man.sh; sourceTree = "<group>"; };
		55D068D827D09062006B35A5 /* COPYING */ = {isa = PBXFileReference; lastKnownFileType = text; path = COPYING; sourceTree = "<group>"; };
		55D068D927D09062006B35A5 /* NEWS */ = {isa = PBXFileReference; lastKnownFileType = text; path = NEWS; sourceTree = "<group>"; };
		55D068DA27D09062006B35A5 /* .gitignore */ = {isa = PBXFileReference; lastKnownFileType = text; path = .gitignore; sourceTree = "<group>"; };
		55D068DB27D09062006B35A5 /* VERSION */ = {isa = PBXFileReference; lastKnownFileType = text; path = VERSION; sourceTree = "<group>"; };
		55D068DC27D09062006B35A5 /* menu */ = {isa = PBXFileReference; lastKnownFileType = folder; path = menu; sourceTree = "<group>"; };
		55D068DD27D09062006B35A5 /* lib */ = {isa = PBXFileReference; lastKnownFileType = folder; path = lib; sourceTree = "<group>"; };
		55D068DE27D09062006B35A5 /* mk-1st.awk */ = {isa = PBXFileReference; lastKnownFileType = text; path = "mk-1st.awk"; sourceTree = "<group>"; };
		55D068DF27D09062006B35A5 /* README.MinGW */ = {isa = PBXFileReference; lastKnownFileType = text; path = README.MinGW; sourceTree = "<group>"; };
		55D068E027D09062006B35A5 /* Ada95 */ = {isa = PBXFileReference; lastKnownFileType = folder; path = Ada95; sourceTree = "<group>"; };
		55D068E127D09062006B35A5 /* doc */ = {isa = PBXFileReference; lastKnownFileType = folder; path = doc; sourceTree = "<group>"; };
		55D068E227D09062006B35A5 /* config.log */ = {isa = PBXFileReference; lastKnownFileType = text; path = config.log; sourceTree = "<group>"; };
		55D068E327D09062006B35A5 /* Makefile.in */ = {isa = PBXFileReference; lastKnownFileType = text; path = Makefile.in; sourceTree = "<group>"; };
		55D068E427D09062006B35A5 /* aclocal.m4 */ = {isa = PBXFileReference; lastKnownFileType = text; path = aclocal.m4; sourceTree = "<group>"; };
		55D068E527D09062006B35A5 /* TO-DO */ = {isa = PBXFileReference; lastKnownFileType = text; path = "TO-DO"; sourceTree = "<group>"; };
		55D068E627D09062006B35A5 /* progs */ = {isa = PBXFileReference; lastKnownFileType = folder; path = progs; sourceTree = "<group>"; };
		55D068E727D09062006B35A5 /* package */ = {isa = PBXFileReference; lastKnownFileType = folder; path = package; sourceTree = "<group>"; };
/* End PBXFileReference section */

/* Begin PBXGroup section */
		55D068B227D09062006B35A5 = {
			isa = PBXGroup;
			children = (
				55D068B827D09062006B35A5 /* man */,
				55D068B927D09062006B35A5 /* announce.html.in */,
				55D068BA27D09062006B35A5 /* misc */,
				55D068BB27D09062006B35A5 /* c++ */,
				55D068BC27D09062006B35A5 /* README.emx */,
				55D068BD27D09062006B35A5 /* form */,
				55D068BE27D09062006B35A5 /* install-sh */,
				55D068BF27D09062006B35A5 /* INSTALL */,
				55D068C027D09062006B35A5 /* ANNOUNCE */,
				55D068C127D09062006B35A5 /* .DS_Store */,
				55D068C227D09062006B35A5 /* ncurses */,
				55D068C327D09062006B35A5 /* panel */,
				55D068C427D09062006B35A5 /* test */,
				55D068C527D09062006B35A5 /* configure */,
				55D068C627D09062006B35A5 /* AUTHORS */,
				55D068C727D09062006B35A5 /* Makefile */,
				55D068C827D09062006B35A5 /* include */,
				55D068C927D09062006B35A5 /* obj_g */,
				55D068CA27D09062006B35A5 /* MANIFEST */,
				55D068CB27D09062006B35A5 /* dist.mk */,
				55D068CC27D09062006B35A5 /* headers.sh */,
				55D068CD27D09062006B35A5 /* mk-0th.awk */,
				55D068CE27D09062006B35A5 /* mk-2nd.awk */,
				55D068CF27D09062006B35A5 /* objects */,
				55D068D027D09062006B35A5 /* config.guess */,
				55D068D127D09062006B35A5 /* mk-hdr.awk */,
				55D068D227D09062006B35A5 /* README */,
				55D068D327D09062006B35A5 /* configure.in */,
				55D068D427D09062006B35A5 /* Makefile.os2 */,
				55D068D527D09062006B35A5 /* config.status */,
				55D068D627D09062006B35A5 /* config.sub */,
				55D068D727D09062006B35A5 /* edit_man.sh */,
				55D068D827D09062006B35A5 /* COPYING */,
				55D068D927D09062006B35A5 /* NEWS */,
				55D068DA27D09062006B35A5 /* .gitignore */,
				55D068DB27D09062006B35A5 /* VERSION */,
				55D068DC27D09062006B35A5 /* menu */,
				55D068DD27D09062006B35A5 /* lib */,
				55D068DE27D09062006B35A5 /* mk-1st.awk */,
				55D068DF27D09062006B35A5 /* README.MinGW */,
				55D068E027D09062006B35A5 /* Ada95 */,
				55D068E127D09062006B35A5 /* doc */,
				55D068E227D09062006B35A5 /* config.log */,
				55D068E327D09062006B35A5 /* Makefile.in */,
				55D068E427D09062006B35A5 /* aclocal.m4 */,
				55D068E527D09062006B35A5 /* TO-DO */,
				55D068E627D09062006B35A5 /* progs */,
				55D068E727D09062006B35A5 /* package */,
			);
			sourceTree = "<group>";
		};
/* End PBXGroup section */

/* Begin PBXLegacyTarget section */
		55D068B727D09062006B35A5 /* ncurses */ = {
			isa = PBXLegacyTarget;
			buildArgumentsString = "-j8";
			buildConfigurationList = 55D068E827D09062006B35A5 /* Build configuration list for PBXLegacyTarget "ncurses" */;
			buildPhases = (
			);
			buildToolPath = /usr/bin/make;
			buildWorkingDirectory = "$(PROJECT_DIR)";
			dependencies = (
			);
			name = ncurses;
			passBuildSettingsInEnvironment = 1;
			productName = ncurses;
		};
/* End PBXLegacyTarget section */

/* Begin PBXProject section */
		55D068B327D09062006B35A5 /* Project object */ = {
			isa = PBXProject;
			attributes = {
			};
			buildConfigurationList = 55D068B627D09062006B35A5 /* Build configuration list for PBXProject "ncurses" */;
			compatibilityVersion = "Xcode 9.3";
			developmentRegion = en;
			hasScannedForEncodings = 0;
			knownRegions = (
				en,
				Base,
			);
			mainGroup = 55D068B227D09062006B35A5;
			projectDirPath = "";
			projectRoot = "";
			targets = (
				55D068B727D09062006B35A5 /* ncurses */,
			);
		};
/* End PBXProject section */

/* Begin XCBuildConfiguration section */
		55D068B427D09062006B35A5 /* Debug */ = {
			isa = XCBuildConfiguration;
			buildSettings = {
			};
			name = Debug;
		};
		55D068B527D09062006B35A5 /* Release */ = {
			isa = XCBuildConfiguration;
			buildSettings = {
			};
			name = Release;
		};
		55D068E927D09062006B35A5 /* Debug */ = {
			isa = XCBuildConfiguration;
			buildSettings = {
				GCC_ENABLE_FIX_AND_CONTINUE = YES;
			};
			name = Debug;
		};
		55D068EA27D09062006B35A5 /* Release */ = {
			isa = XCBuildConfiguration;
			buildSettings = {
				GCC_ENABLE_FIX_AND_CONTINUE = NO;
			};
			name = Release;
		};
/* End XCBuildConfiguration section */

/* Begin XCConfigurationList section */
		55D068B627D09062006B35A5 /* Build configuration list for PBXProject "ncurses" */ = {
			isa = XCConfigurationList;
			buildConfigurations = (
				55D068B427D09062006B35A5 /* Debug */,
				55D068B527D09062006B35A5 /* Release */,
			);
			defaultConfigurationIsVisible = 0;
			defaultConfigurationName = Release;
		};
		55D068E827D09062006B35A5 /* Build configuration list for PBXLegacyTarget "ncurses" */ = {
			isa = XCConfigurationList;
			buildConfigurations = (
				55D068E927D09062006B35A5 /* Debug */,
				55D068EA27D09062006B35A5 /* Release */,
			);
			defaultConfigurationIsVisible = 0;
			defaultConfigurationName = Release;
		};
/* End XCConfigurationList section */
	};
	rootObject = 55D068B327D09062006B35A5 /* Project object */;
}
